
Microsoft Visual Studio Solution File, Format Version 12.00
# Visual Studio 2012
Project("{FAE04EC0-301F-11D3-BF4B-00C04F79EFBC}") = "Matura_Zadatak_B7", "Matura_Zadatak_B7\Matura_Zadatak_B7.csproj", "{9985E637-0F14-4A23-A367-6E702D27F915}"
EndProject
Global
	GlobalSection(SolutionConfigurationPlatforms) = preSolution
		Debug|Any CPU = Debug|Any CPU
		Release|Any CPU = Release|Any CPU
	EndGlobalSection
	GlobalSection(ProjectConfigurationPlatforms) = postSolution
		{9985E637-0F14-4A23-A367-6E702D27F915}.Debug|Any CPU.ActiveCfg = Debug|Any CPU
		{9985E637-0F14-4A23-A367-6E702D27F915}.Debug|Any CPU.Build.0 = Debug|Any CPU
		{9985E637-0F14-4A23-A367-6E702D27F915}.Release|Any CPU.ActiveCfg = Release|Any CPU
		{9985E637-0F14-4A23-A367-6E702D27F915}.Release|Any CPU.Build.0 = Release|Any CPU
	EndGlobalSection
	GlobalSection(SolutionProperties) = preSolution
		HideSolutionNode = FALSE
	EndGlobalSection
EndGlobal
