
Microsoft Visual Studio Solution File, Format Version 12.00
# Visual Studio 2012
Project("{FAE04EC0-301F-11D3-BF4B-00C04F79EFBC}") = "Matura_Zadatak_B1", "Matura_Zadatak_B1\Matura_Zadatak_B1.csproj", "{7AEAC69B-59E3-40A3-9720-165A49F0420A}"
EndProject
Global
	GlobalSection(SolutionConfigurationPlatforms) = preSolution
		Debug|Any CPU = Debug|Any CPU
		Release|Any CPU = Release|Any CPU
	EndGlobalSection
	GlobalSection(ProjectConfigurationPlatforms) = postSolution
		{7AEAC69B-59E3-40A3-9720-165A49F0420A}.Debug|Any CPU.ActiveCfg = Debug|Any CPU
		{7AEAC69B-59E3-40A3-9720-165A49F0420A}.Debug|Any CPU.Build.0 = Debug|Any CPU
		{7AEAC69B-59E3-40A3-9720-165A49F0420A}.Release|Any CPU.ActiveCfg = Release|Any CPU
		{7AEAC69B-59E3-40A3-9720-165A49F0420A}.Release|Any CPU.Build.0 = Release|Any CPU
	EndGlobalSection
	GlobalSection(SolutionProperties) = preSolution
		HideSolutionNode = FALSE
	EndGlobalSection
EndGlobal
