
Microsoft Visual Studio Solution File, Format Version 12.00
# Visual Studio 2012
Project("{FAE04EC0-301F-11D3-BF4B-00C04F79EFBC}") = "Matura_Zadatak_B2", "Matura_Zadatak_B2\Matura_Zadatak_B2.csproj", "{703EEC91-2613-4A11-85F3-9A274E3F9677}"
EndProject
Global
	GlobalSection(SolutionConfigurationPlatforms) = preSolution
		Debug|Any CPU = Debug|Any CPU
		Release|Any CPU = Release|Any CPU
	EndGlobalSection
	GlobalSection(ProjectConfigurationPlatforms) = postSolution
		{703EEC91-2613-4A11-85F3-9A274E3F9677}.Debug|Any CPU.ActiveCfg = Debug|Any CPU
		{703EEC91-2613-4A11-85F3-9A274E3F9677}.Debug|Any CPU.Build.0 = Debug|Any CPU
		{703EEC91-2613-4A11-85F3-9A274E3F9677}.Release|Any CPU.ActiveCfg = Release|Any CPU
		{703EEC91-2613-4A11-85F3-9A274E3F9677}.Release|Any CPU.Build.0 = Release|Any CPU
	EndGlobalSection
	GlobalSection(SolutionProperties) = preSolution
		HideSolutionNode = FALSE
	EndGlobalSection
EndGlobal
